
Microsoft Visual Studio Solution File, Format Version 12.00
# Visual Studio 15
VisualStudioVersion = 15.0.26730.12
MinimumVisualStudioVersion = 10.0.40219.1
Project("{8BC9CEB8-8B4A-11D0-8D11-00A0C91BC942}") = "Ultimate Reversi", "Ultimate Reversi\Ultimate Reversi.vcxproj", "{68F42C8B-96E3-4979-988D-E3257FCEF992}"
EndProject
Global
	GlobalSection(SolutionConfigurationPlatforms) = preSolution
		Debug|x64 = Debug|x64
		Debug|x86 = Debug|x86
		Release|x64 = Release|x64
		Release|x86 = Release|x86
	EndGlobalSection
	GlobalSection(ProjectConfigurationPlatforms) = postSolution
		{68F42C8B-96E3-4979-988D-E3257FCEF992}.Debug|x64.ActiveCfg = Debug|x64
		{68F42C8B-96E3-4979-988D-E3257FCEF992}.Debug|x64.Build.0 = Debug|x64
		{68F42C8B-96E3-4979-988D-E3257FCEF992}.Debug|x86.ActiveCfg = Debug|Win32
		{68F42C8B-96E3-4979-988D-E3257FCEF992}.Debug|x86.Build.0 = Debug|Win32
		{68F42C8B-96E3-4979-988D-E3257FCEF992}.Release|x64.ActiveCfg = Release|x64
		{68F42C8B-96E3-4979-988D-E3257FCEF992}.Release|x64.Build.0 = Release|x64
		{68F42C8B-96E3-4979-988D-E3257FCEF992}.Release|x86.ActiveCfg = Release|Win32
		{68F42C8B-96E3-4979-988D-E3257FCEF992}.Release|x86.Build.0 = Release|Win32
	EndGlobalSection
	GlobalSection(SolutionProperties) = preSolution
		HideSolutionNode = FALSE
	EndGlobalSection
	GlobalSection(ExtensibilityGlobals) = postSolution
		SolutionGuid = {BBA5B0D1-A907-4EEB-AD24-CDCCBD8AE0FE}
	EndGlobalSection
EndGlobal
